
Microsoft Visual Studio Solution File, Format Version 12.00
# Visual Studio Version 17
VisualStudioVersion = 17.0.31717.71
MinimumVisualStudioVersion = 10.0.40219.1
Project("{FAE04EC0-301F-11D3-BF4B-00C04F79EFBC}") = "BlazorTesterApp.Server", "BlazorTesterApp\Server\BlazorTesterApp.Server.csproj", "{80BFED2E-800B-4133-89D9-9EC67EFC3497}"
EndProject
Project("{FAE04EC0-301F-11D3-BF4B-00C04F79EFBC}") = "BlazorTesterApp.Client", "BlazorTesterApp\Client\BlazorTesterApp.Client.csproj", "{CFA56511-C174-4B80-9536-C2BA75BB7F66}"
EndProject
Project("{FAE04EC0-301F-11D3-BF4B-00C04F79EFBC}") = "BlazorTesterApp.Shared", "BlazorTesterApp\Shared\BlazorTesterApp.Shared.csproj", "{3D29F453-9078-4BD0-B929-4E6C6CC03143}"
EndProject
Global
	GlobalSection(SolutionConfigurationPlatforms) = preSolution
		Debug|Any CPU = Debug|Any CPU
		Release|Any CPU = Release|Any CPU
	EndGlobalSection
	GlobalSection(ProjectConfigurationPlatforms) = postSolution
		{80BFED2E-800B-4133-89D9-9EC67EFC3497}.Debug|Any CPU.ActiveCfg = Debug|Any CPU
		{80BFED2E-800B-4133-89D9-9EC67EFC3497}.Debug|Any CPU.Build.0 = Debug|Any CPU
		{80BFED2E-800B-4133-89D9-9EC67EFC3497}.Release|Any CPU.ActiveCfg = Release|Any CPU
		{80BFED2E-800B-4133-89D9-9EC67EFC3497}.Release|Any CPU.Build.0 = Release|Any CPU
		{CFA56511-C174-4B80-9536-C2BA75BB7F66}.Debug|Any CPU.ActiveCfg = Debug|Any CPU
		{CFA56511-C174-4B80-9536-C2BA75BB7F66}.Debug|Any CPU.Build.0 = Debug|Any CPU
		{CFA56511-C174-4B80-9536-C2BA75BB7F66}.Release|Any CPU.ActiveCfg = Release|Any CPU
		{CFA56511-C174-4B80-9536-C2BA75BB7F66}.Release|Any CPU.Build.0 = Release|Any CPU
		{3D29F453-9078-4BD0-B929-4E6C6CC03143}.Debug|Any CPU.ActiveCfg = Debug|Any CPU
		{3D29F453-9078-4BD0-B929-4E6C6CC03143}.Debug|Any CPU.Build.0 = Debug|Any CPU
		{3D29F453-9078-4BD0-B929-4E6C6CC03143}.Release|Any CPU.ActiveCfg = Release|Any CPU
		{3D29F453-9078-4BD0-B929-4E6C6CC03143}.Release|Any CPU.Build.0 = Release|Any CPU
	EndGlobalSection
	GlobalSection(SolutionProperties) = preSolution
		HideSolutionNode = FALSE
	EndGlobalSection
	GlobalSection(ExtensibilityGlobals) = postSolution
		SolutionGuid = {450E6154-12EF-47A0-A406-A99165F6CABE}
	EndGlobalSection
EndGlobal
